
Microsoft Visual Studio Solution File, Format Version 12.00
# Visual Studio Version 16
VisualStudioVersion = 25.0.1706.11
MinimumVisualStudioVersion = 10.0.40219.1
Project("{FAE04EC0-301F-11D3-BF4B-00C04F79EFBC}") = "HabitLogger", "HabitLogger\HabitLogger.csproj", "{2FBC0A0F-D45A-479E-9DF4-9B0E2C385E0A}"
EndProject
Global
	GlobalSection(SolutionConfigurationPlatforms) = preSolution
		Debug|Any CPU = Debug|Any CPU
		Release|Any CPU = Release|Any CPU
	EndGlobalSection
	GlobalSection(ProjectConfigurationPlatforms) = postSolution
		{2FBC0A0F-D45A-479E-9DF4-9B0E2C385E0A}.Debug|Any CPU.ActiveCfg = Debug|Any CPU
		{2FBC0A0F-D45A-479E-9DF4-9B0E2C385E0A}.Debug|Any CPU.Build.0 = Debug|Any CPU
		{2FBC0A0F-D45A-479E-9DF4-9B0E2C385E0A}.Release|Any CPU.ActiveCfg = Release|Any CPU
		{2FBC0A0F-D45A-479E-9DF4-9B0E2C385E0A}.Release|Any CPU.Build.0 = Release|Any CPU
	EndGlobalSection
	GlobalSection(SolutionProperties) = preSolution
		HideSolutionNode = FALSE
	EndGlobalSection
	GlobalSection(ExtensibilityGlobals) = postSolution
		SolutionGuid = {C4932B86-2532-4C53-8780-F924796A0437}
	EndGlobalSection
EndGlobal
